
Microsoft Visual Studio Solution File, Format Version 12.00
# Visual Studio 14
VisualStudioVersion = 14.0.24720.0
MinimumVisualStudioVersion = 10.0.40219.1
Project("{FAE04EC0-301F-11D3-BF4B-00C04F79EFBC}") = "AggregatorSimpleExample", "AggregatorSimpleExample\AggregatorSimpleExample.csproj", "{29CD72D3-027F-4780-8EDD-735C413EF039}"
EndProject
Project("{FAE04EC0-301F-11D3-BF4B-00C04F79EFBC}") = "LinqSELECT", "LinqSELECT\LinqSELECT.csproj", "{11B915F0-C72D-4906-8364-8A708E25396B}"
EndProject
Project("{FAE04EC0-301F-11D3-BF4B-00C04F79EFBC}") = "AsyncAwaitCourse", "AsyncAwaitCourse\AsyncAwaitCourse.csproj", "{D8C71463-33E3-4FA0-A135-4112159C43DA}"
EndProject
Project("{FAE04EC0-301F-11D3-BF4B-00C04F79EFBC}") = "ReadDateTakenInfoFromPhoto", "ReadDateTakenInfoFromPhoto\ReadDateTakenInfoFromPhoto.csproj", "{84EA2C17-2A1B-4351-98A2-A7E76473A6B4}"
EndProject
Global
	GlobalSection(SolutionConfigurationPlatforms) = preSolution
		Debug|Any CPU = Debug|Any CPU
		Release|Any CPU = Release|Any CPU
	EndGlobalSection
	GlobalSection(ProjectConfigurationPlatforms) = postSolution
		{29CD72D3-027F-4780-8EDD-735C413EF039}.Debug|Any CPU.ActiveCfg = Debug|Any CPU
		{29CD72D3-027F-4780-8EDD-735C413EF039}.Debug|Any CPU.Build.0 = Debug|Any CPU
		{29CD72D3-027F-4780-8EDD-735C413EF039}.Release|Any CPU.ActiveCfg = Release|Any CPU
		{29CD72D3-027F-4780-8EDD-735C413EF039}.Release|Any CPU.Build.0 = Release|Any CPU
		{11B915F0-C72D-4906-8364-8A708E25396B}.Debug|Any CPU.ActiveCfg = Debug|Any CPU
		{11B915F0-C72D-4906-8364-8A708E25396B}.Debug|Any CPU.Build.0 = Debug|Any CPU
		{11B915F0-C72D-4906-8364-8A708E25396B}.Release|Any CPU.ActiveCfg = Release|Any CPU
		{11B915F0-C72D-4906-8364-8A708E25396B}.Release|Any CPU.Build.0 = Release|Any CPU
		{D8C71463-33E3-4FA0-A135-4112159C43DA}.Debug|Any CPU.ActiveCfg = Debug|Any CPU
		{D8C71463-33E3-4FA0-A135-4112159C43DA}.Debug|Any CPU.Build.0 = Debug|Any CPU
		{D8C71463-33E3-4FA0-A135-4112159C43DA}.Release|Any CPU.ActiveCfg = Release|Any CPU
		{D8C71463-33E3-4FA0-A135-4112159C43DA}.Release|Any CPU.Build.0 = Release|Any CPU
		{84EA2C17-2A1B-4351-98A2-A7E76473A6B4}.Debug|Any CPU.ActiveCfg = Debug|Any CPU
		{84EA2C17-2A1B-4351-98A2-A7E76473A6B4}.Debug|Any CPU.Build.0 = Debug|Any CPU
		{84EA2C17-2A1B-4351-98A2-A7E76473A6B4}.Release|Any CPU.ActiveCfg = Release|Any CPU
		{84EA2C17-2A1B-4351-98A2-A7E76473A6B4}.Release|Any CPU.Build.0 = Release|Any CPU
	EndGlobalSection
	GlobalSection(SolutionProperties) = preSolution
		HideSolutionNode = FALSE
	EndGlobalSection
EndGlobal
